
Microsoft Visual Studio Solution File, Format Version 12.00
# Visual Studio Version 17
VisualStudioVersion = 17.9.34723.18
MinimumVisualStudioVersion = 10.0.40219.1
Project("{FAE04EC0-301F-11D3-BF4B-00C04F79EFBC}") = "LaboratorioProgramacion", "LaboratorioProgramacion.csproj", "{29C8607E-5E39-4698-A634-D70058EEA22E}"
EndProject
Global
	GlobalSection(SolutionConfigurationPlatforms) = preSolution
		Debug|Any CPU = Debug|Any CPU
		Release|Any CPU = Release|Any CPU
	EndGlobalSection
	GlobalSection(ProjectConfigurationPlatforms) = postSolution
		{29C8607E-5E39-4698-A634-D70058EEA22E}.Debug|Any CPU.ActiveCfg = Debug|Any CPU
		{29C8607E-5E39-4698-A634-D70058EEA22E}.Debug|Any CPU.Build.0 = Debug|Any CPU
		{29C8607E-5E39-4698-A634-D70058EEA22E}.Release|Any CPU.ActiveCfg = Release|Any CPU
		{29C8607E-5E39-4698-A634-D70058EEA22E}.Release|Any CPU.Build.0 = Release|Any CPU
	EndGlobalSection
	GlobalSection(SolutionProperties) = preSolution
		HideSolutionNode = FALSE
	EndGlobalSection
	GlobalSection(ExtensibilityGlobals) = postSolution
		SolutionGuid = {08D2C04B-AACE-46DB-B57A-7D6F84243B56}
	EndGlobalSection
EndGlobal
